Microsoft Visual Studio Solution File, Format Version 12.00
# Visual Studio 2012
Project("{FAE04EC0-301F-11D3-BF4B-00C04F79EFBC}") = "NetworkingLearning", "NetworkingLearning.csproj", "{BE8D1844-C483-494F-8E1D-A2614DA7C08D}"
EndProject
Global
	GlobalSection(SolutionConfigurationPlatforms) = preSolution
	Debug|Any CPU = Debug|Any CPU
	ExportDebug|Any CPU = ExportDebug|Any CPU
	ExportRelease|Any CPU = ExportRelease|Any CPU
	EndGlobalSection
	GlobalSection(ProjectConfigurationPlatforms) = postSolution
		{BE8D1844-C483-494F-8E1D-A2614DA7C08D}.Debug|Any CPU.ActiveCfg = Debug|Any CPU
		{BE8D1844-C483-494F-8E1D-A2614DA7C08D}.Debug|Any CPU.Build.0 = Debug|Any CPU
		{BE8D1844-C483-494F-8E1D-A2614DA7C08D}.ExportDebug|Any CPU.ActiveCfg = ExportDebug|Any CPU
		{BE8D1844-C483-494F-8E1D-A2614DA7C08D}.ExportDebug|Any CPU.Build.0 = ExportDebug|Any CPU
		{BE8D1844-C483-494F-8E1D-A2614DA7C08D}.ExportRelease|Any CPU.ActiveCfg = ExportRelease|Any CPU
		{BE8D1844-C483-494F-8E1D-A2614DA7C08D}.ExportRelease|Any CPU.Build.0 = ExportRelease|Any CPU
	EndGlobalSection
EndGlobal
